
Microsoft Visual Studio Solution File, Format Version 12.00
# Visual Studio Version 17
VisualStudioVersion = 17.8.34511.84
MinimumVisualStudioVersion = 10.0.40219.1
Project("{2150E333-8FDC-42A3-9474-1A3956D46DE8}") = "Lib", "Lib", "{7A936DF4-5868-45C0-A09E-E628F38A2AA0}"
EndProject
Project("{2150E333-8FDC-42A3-9474-1A3956D46DE8}") = "Plug", "Plug", "{73C66DBC-515D-4163-8DD5-FF4E0F52F9AC}"
EndProject
Project("{2150E333-8FDC-42A3-9474-1A3956D46DE8}") = "Present", "Present", "{5F51EE7F-C4E5-46F8-8023-E1A9C54A0A4D}"
EndProject
Project("{2150E333-8FDC-42A3-9474-1A3956D46DE8}") = "Test", "Test", "{0F601CA4-D6C2-4CF2-8765-5AA628DC9816}"
EndProject
Project("{9A19103F-16F7-4668-BE54-9A1E7A4F7556}") = "Ryn.Core", "Ryn.Core\Ryn.Core.csproj", "{E404A5F1-ABC8-48AF-BB57-B6AEC6223B89}"
EndProject
Project("{9A19103F-16F7-4668-BE54-9A1E7A4F7556}") = "Ryn.Data", "Ryn.Data\Ryn.Data.csproj", "{98506C64-3768-4E26-9136-4DEE1AAFFB15}"
EndProject
Project("{9A19103F-16F7-4668-BE54-9A1E7A4F7556}") = "Ryn.Services", "Ryn.Services\Ryn.Services.csproj", "{F8EF8877-5415-4C19-AF60-830DD45474F2}"
EndProject
Project("{9A19103F-16F7-4668-BE54-9A1E7A4F7556}") = "Ryn.Web", "Ryn.Web\Ryn.Web.csproj", "{3A746819-9A98-4EF9-B55C-8B0343389777}"
EndProject
Project("{9A19103F-16F7-4668-BE54-9A1E7A4F7556}") = "Ryn.Web.Framework", "Ryn.Web.Framework\Ryn.Web.Framework.csproj", "{7CF55575-56E0-4DD7-8250-C64F104C0021}"
EndProject
Project("{9A19103F-16F7-4668-BE54-9A1E7A4F7556}") = "Ryn.Plugin.ExchangeRate.EcbExchange", "Ryn.Plugin.ExchangeRate.EcbExchange\Ryn.Plugin.ExchangeRate.EcbExchange.csproj", "{B0F000C6-E639-46EA-A23A-19ECE50160D6}"
EndProject
Project("{9A19103F-16F7-4668-BE54-9A1E7A4F7556}") = "Ryn.Test", "Ryn.Test\Ryn.Test.csproj", "{C6E133D8-FB3A-4A43-8441-A91B90FCFE88}"
EndProject
Global
	GlobalSection(SolutionConfigurationPlatforms) = preSolution
		Debug|Any CPU = Debug|Any CPU
		Release|Any CPU = Release|Any CPU
	EndGlobalSection
	GlobalSection(ProjectConfigurationPlatforms) = postSolution
		{E404A5F1-ABC8-48AF-BB57-B6AEC6223B89}.Debug|Any CPU.ActiveCfg = Debug|Any CPU
		{E404A5F1-ABC8-48AF-BB57-B6AEC6223B89}.Debug|Any CPU.Build.0 = Debug|Any CPU
		{E404A5F1-ABC8-48AF-BB57-B6AEC6223B89}.Release|Any CPU.ActiveCfg = Release|Any CPU
		{E404A5F1-ABC8-48AF-BB57-B6AEC6223B89}.Release|Any CPU.Build.0 = Release|Any CPU
		{98506C64-3768-4E26-9136-4DEE1AAFFB15}.Debug|Any CPU.ActiveCfg = Debug|Any CPU
		{98506C64-3768-4E26-9136-4DEE1AAFFB15}.Debug|Any CPU.Build.0 = Debug|Any CPU
		{98506C64-3768-4E26-9136-4DEE1AAFFB15}.Release|Any CPU.ActiveCfg = Release|Any CPU
		{98506C64-3768-4E26-9136-4DEE1AAFFB15}.Release|Any CPU.Build.0 = Release|Any CPU
		{F8EF8877-5415-4C19-AF60-830DD45474F2}.Debug|Any CPU.ActiveCfg = Debug|Any CPU
		{F8EF8877-5415-4C19-AF60-830DD45474F2}.Debug|Any CPU.Build.0 = Debug|Any CPU
		{F8EF8877-5415-4C19-AF60-830DD45474F2}.Release|Any CPU.ActiveCfg = Release|Any CPU
		{F8EF8877-5415-4C19-AF60-830DD45474F2}.Release|Any CPU.Build.0 = Release|Any CPU
		{3A746819-9A98-4EF9-B55C-8B0343389777}.Debug|Any CPU.ActiveCfg = Debug|Any CPU
		{3A746819-9A98-4EF9-B55C-8B0343389777}.Debug|Any CPU.Build.0 = Debug|Any CPU
		{3A746819-9A98-4EF9-B55C-8B0343389777}.Release|Any CPU.ActiveCfg = Release|Any CPU
		{3A746819-9A98-4EF9-B55C-8B0343389777}.Release|Any CPU.Build.0 = Release|Any CPU
		{7CF55575-56E0-4DD7-8250-C64F104C0021}.Debug|Any CPU.ActiveCfg = Debug|Any CPU
		{7CF55575-56E0-4DD7-8250-C64F104C0021}.Debug|Any CPU.Build.0 = Debug|Any CPU
		{7CF55575-56E0-4DD7-8250-C64F104C0021}.Release|Any CPU.ActiveCfg = Release|Any CPU
		{7CF55575-56E0-4DD7-8250-C64F104C0021}.Release|Any CPU.Build.0 = Release|Any CPU
		{B0F000C6-E639-46EA-A23A-19ECE50160D6}.Debug|Any CPU.ActiveCfg = Debug|Any CPU
		{B0F000C6-E639-46EA-A23A-19ECE50160D6}.Debug|Any CPU.Build.0 = Debug|Any CPU
		{B0F000C6-E639-46EA-A23A-19ECE50160D6}.Release|Any CPU.ActiveCfg = Release|Any CPU
		{B0F000C6-E639-46EA-A23A-19ECE50160D6}.Release|Any CPU.Build.0 = Release|Any CPU
		{C6E133D8-FB3A-4A43-8441-A91B90FCFE88}.Debug|Any CPU.ActiveCfg = Debug|Any CPU
		{C6E133D8-FB3A-4A43-8441-A91B90FCFE88}.Debug|Any CPU.Build.0 = Debug|Any CPU
		{C6E133D8-FB3A-4A43-8441-A91B90FCFE88}.Release|Any CPU.ActiveCfg = Release|Any CPU
		{C6E133D8-FB3A-4A43-8441-A91B90FCFE88}.Release|Any CPU.Build.0 = Release|Any CPU
	EndGlobalSection
	GlobalSection(SolutionProperties) = preSolution
		HideSolutionNode = FALSE
	EndGlobalSection
	GlobalSection(NestedProjects) = preSolution
		{E404A5F1-ABC8-48AF-BB57-B6AEC6223B89} = {7A936DF4-5868-45C0-A09E-E628F38A2AA0}
		{98506C64-3768-4E26-9136-4DEE1AAFFB15} = {7A936DF4-5868-45C0-A09E-E628F38A2AA0}
		{F8EF8877-5415-4C19-AF60-830DD45474F2} = {7A936DF4-5868-45C0-A09E-E628F38A2AA0}
		{3A746819-9A98-4EF9-B55C-8B0343389777} = {5F51EE7F-C4E5-46F8-8023-E1A9C54A0A4D}
		{7CF55575-56E0-4DD7-8250-C64F104C0021} = {5F51EE7F-C4E5-46F8-8023-E1A9C54A0A4D}
		{B0F000C6-E639-46EA-A23A-19ECE50160D6} = {73C66DBC-515D-4163-8DD5-FF4E0F52F9AC}
		{C6E133D8-FB3A-4A43-8441-A91B90FCFE88} = {0F601CA4-D6C2-4CF2-8765-5AA628DC9816}
	EndGlobalSection
	GlobalSection(ExtensibilityGlobals) = postSolution
		SolutionGuid = {5104EC78-4C4B-4D86-A8C2-B3652FEF83F8}
	EndGlobalSection
EndGlobal
